
Microsoft Visual Studio Solution File, Format Version 12.00
# Visual Studio Version 17
VisualStudioVersion = 17.3.32929.385
MinimumVisualStudioVersion = 10.0.40219.1
Project("{FAE04EC0-301F-11D3-BF4B-00C04F79EFBC}") = "PMenuStrings", "PMenuStrings\PMenuStrings.csproj", "{DF447255-58D5-48BB-BF02-2452CE208258}"
EndProject
Global
	GlobalSection(SolutionConfigurationPlatforms) = preSolution
		Debug|Any CPU = Debug|Any CPU
		Release|Any CPU = Release|Any CPU
	EndGlobalSection
	GlobalSection(ProjectConfigurationPlatforms) = postSolution
		{DF447255-58D5-48BB-BF02-2452CE208258}.Debug|Any CPU.ActiveCfg = Debug|Any CPU
		{DF447255-58D5-48BB-BF02-2452CE208258}.Debug|Any CPU.Build.0 = Debug|Any CPU
		{DF447255-58D5-48BB-BF02-2452CE208258}.Release|Any CPU.ActiveCfg = Release|Any CPU
		{DF447255-58D5-48BB-BF02-2452CE208258}.Release|Any CPU.Build.0 = Release|Any CPU
	EndGlobalSection
	GlobalSection(SolutionProperties) = preSolution
		HideSolutionNode = FALSE
	EndGlobalSection
	GlobalSection(ExtensibilityGlobals) = postSolution
		SolutionGuid = {1CF75EA7-0254-4A98-8961-E73DF0A59466}
	EndGlobalSection
EndGlobal
